// !$*UTF8*$!
{
	archiveVersion = 1;
	classes = {
	};
	objectVersion = 46;
	objects = {

/* Begin PBXBuildFile section */
		5E4BCE881D2F183300284934 /* AppDelegate.swift in Sources */ = {isa = PBXBuildFile; fileRef = 5E4BCE871D2F183300284934 /* AppDelegate.swift */; };
		5E4BCE8A1D2F183300284934 /* ViewController.swift in Sources */ = {isa = PBXBuildFile; fileRef = 5E4BCE891D2F183300284934 /* ViewController.swift */; };
		5E4BCE8D1D2F183400284934 /* Main.storyboard in Resources */ = {isa = PBXBuildFile; fileRef = 5E4BCE8B1D2F183400284934 /* Main.storyboard */; };
		5E4BCE901D2F183400284934 /* YourCalc.xcdatamodeld in Sources */ = {isa = PBXBuildFile; fileRef = 5E4BCE8E1D2F183400284934 /* YourCalc.xcdatamodeld */; };
		5E4BCE921D2F183400284934 /* Assets.xcassets in Resources */ = {isa = PBXBuildFile; fileRef = 5E4BCE911D2F183400284934 /* Assets.xcassets */; };
		5E4BCE951D2F183400284934 /* LaunchScreen.storyboard in Resources */ = {isa = PBXBuildFile; fileRef = 5E4BCE931D2F183400284934 /* LaunchScreen.storyboard */; };
/* End PBXBuildFile section */

/* Begin PBXFileReference section */
		5E4BCE841D2F183300284934 /* YourCalc.app */ = {isa = PBXFileReference; explicitFileType = wrapper.application; includeInIndex = 0; path = YourCalc.app; sourceTree = BUILT_PRODUCTS_DIR; };
		5E4BCE871D2F183300284934 /* AppDelegate.swift */ = {isa = PBXFileReference; lastKnownFileType = sourcecode.swift; path = AppDelegate.swift; sourceTree = "<group>"; };
		5E4BCE891D2F183300284934 /* ViewController.swift */ = {isa = PBXFileReference; lastKnownFileType = sourcecode.swift; path = ViewController.swift; sourceTree = "<group>"; };
		5E4BCE8C1D2F183400284934 /* Base */ = {isa = PBXFileReference; lastKnownFileType = file.storyboard; name = Base; path = Base.lproj/Main.storyboard; sourceTree = "<group>"; };
		5E4BCE8F1D2F183400284934 /* YourCalc.xcdatamodel */ = {isa = PBXFileReference; lastKnownFileType = wrapper.xcdatamodel; path = YourCalc.xcdatamodel; sourceTree = "<group>"; };
		5E4BCE911D2F183400284934 /* Assets.xcassets */ = {isa = PBXFileReference; lastKnownFileType = folder.assetcatalog; path = Assets.xcassets; sourceTree = "<group>"; };
		5E4BCE941D2F183400284934 /* Base */ = {isa = PBXFileReference; lastKnownFileType = file.storyboard; name = Base; path = Base.lproj/LaunchScreen.storyboard; sourceTree = "<group>"; };
		5E4BCE961D2F183400284934 /* Info.plist */ = {isa = PBXFileReference; lastKnownFileType = text.plist.xml; path = Info.plist; sourceTree = "<group>"; };
/* End PBXFileReference section */

/* Begin PBXFrameworksBuildPhase section */
		5E4BCE811D2F183300284934 /* Frameworks */ = {
			isa = PBXFrameworksBuildPhase;
			buildActionMask = 2147483647;
			files = (
			);
			runOnlyForDeploymentPostprocessing = 0;
		};
/* End PBXFrameworksBuildPhase section */

/* Begin PBXGroup section */
		5E4BCE7B1D2F183300284934 = {
			isa = PBXGroup;
			children = (
				5E4BCE861D2F183300284934 /* YourCalc */,
				5E4BCE851D2F183300284934 /* Products */,
			);
			sourceTree = "<group>";
		};
		5E4BCE851D2F183300284934 /* Products */ = {
			isa = PBXGroup;
			children = (
				5E4BCE841D2F183300284934 /* YourCalc.app */,
			);
			name = Products;
			sourceTree = "<group>";
		};
		5E4BCE861D2F183300284934 /* YourCalc */ = {
			isa = PBXGroup;
			children = (
				5E4BCE871D2F183300284934 /* AppDelegate.swift */,
				5E4BCE891D2F183300284934 /* ViewController.swift */,
				5E4BCE8B1D2F183400284934 /* Main.storyboard */,
				5E4BCE911D2F183400284934 /* Assets.xcassets */,
				5E4BCE931D2F183400284934 /* LaunchScreen.storyboard */,
				5E4BCE961D2F183400284934 /* Info.plist */,
				5E4BCE8E1D2F183400284934 /* YourCalc.xcdatamodeld */,
			);
			path = YourCalc;
			sourceTree = "<group>";
		};
/* End PBXGroup section */

/* Begin PBXNativeTarget section */
		5E4BCE831D2F183300284934 /* YourCalc */ = {
			isa = PBXNativeTarget;
			buildConfigurationList = 5E4BCE991D2F183400284934 /* Build configuration list for PBXNativeTarget "YourCalc" */;
			buildPhases = (
				5E4BCE801D2F183300284934 /* Sources */,
				5E4BCE811D2F183300284934 /* Frameworks */,
				5E4BCE821D2F183300284934 /* Resources */,
			);
			buildRules = (
			);
			dependencies = (
			);
			name = YourCalc;
			productName = YourCalc;
			productReference = 5E4BCE841D2F183300284934 /* YourCalc.app */;
			productType = "com.apple.product-type.application";
		};
/* End PBXNativeTarget section */

/* Begin PBXProject section */
		5E4BCE7C1D2F183300284934 /* Project object */ = {
			isa = PBXProject;
			attributes = {
				LastSwiftUpdateCheck = 0730;
				LastUpgradeCheck = 0730;
				ORGANIZATIONNAME = "George Saieed";
				TargetAttributes = {
					5E4BCE831D2F183300284934 = {
						CreatedOnToolsVersion = 7.3.1;
						DevelopmentTeam = 6HAPHNN2W5;
					};
				};
			};
			buildConfigurationList = 5E4BCE7F1D2F183300284934 /* Build configuration list for PBXProject "YourCalc" */;
			compatibilityVersion = "Xcode 3.2";
			developmentRegion = English;
			hasScannedForEncodings = 0;
			knownRegions = (
				en,
				Base,
			);
			mainGroup = 5E4BCE7B1D2F183300284934;
			productRefGroup = 5E4BCE851D2F183300284934 /* Products */;
			projectDirPath = "";
			projectRoot = "";
			targets = (
				5E4BCE831D2F183300284934 /* YourCalc */,
			);
		};
/* End PBXProject section */

/* Begin PBXResourcesBuildPhase section */
		5E4BCE821D2F183300284934 /* Resources */ = {
			isa = PBXResourcesBuildPhase;
			buildActionMask = 2147483647;
			files = (
				5E4BCE951D2F183400284934 /* LaunchScreen.storyboard in Resources */,
				5E4BCE921D2F183400284934 /* Assets.xcassets in Resources */,
				5E4BCE8D1D2F183400284934 /* Main.storyboard in Resources */,
			);
			runOnlyForDeploymentPostprocessing = 0;
		};
/* End PBXResourcesBuildPhase section */

/* Begin PBXSourcesBuildPhase section */
		5E4BCE801D2F183300284934 /* Sources */ = {
			isa = PBXSourcesBuildPhase;
			buildActionMask = 2147483647;
			files = (
				5E4BCE8A1D2F183300284934 /* ViewController.swift in Sources */,
				5E4BCE901D2F183400284934 /* YourCalc.xcdatamodeld in Sources */,
				5E4BCE881D2F183300284934 /* AppDelegate.swift in Sources */,
			);
			runOnlyForDeploymentPostprocessing = 0;
		};
/* End PBXSourcesBuildPhase section */

/* Begin PBXVariantGroup section */
		5E4BCE8B1D2F183400284934 /* Main.storyboard */ = {
			isa = PBXVariantGroup;
			children = (
				5E4BCE8C1D2F183400284934 /* Base */,
			);
			name = Main.storyboard;
			sourceTree = "<group>";
		};
		5E4BCE931D2F183400284934 /* LaunchScreen.storyboard */ = {
			isa = PBXVariantGroup;
			children = (
				5E4BCE941D2F183400284934 /* Base */,
			);
			name = LaunchScreen.storyboard;
			sourceTree = "<group>";
		};
/* End PBXVariantGroup section */

/* Begin XCBuildConfiguration section */
		5E4BCE971D2F183400284934 /* Debug */ = {
			isa = XCBuildConfiguration;
			buildSettings = {
				ALWAYS_SEARCH_USER_PATHS = NO;
				CLANG_ANALYZER_NONNULL = YES;
				CLANG_CXX_LANGUAGE_STANDARD = "gnu++0x";
				CLANG_CXX_LIBRARY = "libc++";
				CLANG_ENABLE_MODULES = YES;
				CLANG_ENABLE_OBJC_ARC = YES;
				CLANG_WARN_BOOL_CONVERSION = YES;
				CLANG_WARN_CONSTANT_CONVERSION = YES;
				CLANG_WARN_DIRECT_OBJC_ISA_USAGE = YES_ERROR;
				CLANG_WARN_EMPTY_BODY = YES;
				CLANG_WARN_ENUM_CONVERSION = YES;
				CLANG_WARN_INT_CONVERSION = YES;
				CLANG_WARN_OBJC_ROOT_CLASS = YES_ERROR;
				CLANG_WARN_UNREACHABLE_CODE = YES;
				CLANG_WARN__DUPLICATE_METHOD_MATCH = YES;
				"CODE_SIGN_IDENTITY[sdk=iphoneos*]" = "iPhone Developer";
				COPY_PHASE_STRIP = NO;
				DEBUG_INFORMATION_FORMAT = dwarf;
				ENABLE_STRICT_OBJC_MSGSEND = YES;
				ENABLE_TESTABILITY = YES;
				GCC_C_LANGUAGE_STANDARD = gnu99;
				GCC_DYNAMIC_NO_PIC = NO;
				GCC_NO_COMMON_BLOCKS = YES;
				GCC_OPTIMIZATION_LEVEL = 0;
				GCC_PREPROCESSOR_DEFINITIONS = (
					"DEBUG=1",
					"$(inherited)",
				);
				GCC_WARN_64_TO_32_BIT_CONVERSION = YES;
				GCC_WARN_ABOUT_RETURN_TYPE = YES_ERROR;
				GCC_WARN_UNDECLARED_SELECTOR = YES;
				GCC_WARN_UNINITIALIZED_AUTOS = YES_AGGRESSIVE;
				GCC_WARN_UNUSED_FUNCTION = YES;
				GCC_WARN_UNUSED_VARIABLE = YES;
				IPHONEOS_DEPLOYMENT_TARGET = 9.3;
				MTL_ENABLE_DEBUG_INFO = YES;
				ONLY_ACTIVE_ARCH = YES;
				SDKROOT = iphoneos;
				SWIFT_OPTIMIZATION_LEVEL = "-Onone";
			};
			name = Debug;
		};
		5E4BCE981D2F183400284934 /* Release */ = {
			isa = XCBuildConfiguration;
			buildSettings = {
				ALWAYS_SEARCH_USER_PATHS = NO;
				CLANG_ANALYZER_NONNULL = YES;
				CLANG_CXX_LANGUAGE_STANDARD = "gnu++0x";
				CLANG_CXX_LIBRARY = "libc++";
				CLANG_ENABLE_MODULES = YES;
				CLANG_ENABLE_OBJC_ARC = YES;
				CLANG_WARN_BOOL_CONVERSION = YES;
				CLANG_WARN_CONSTANT_CONVERSION = YES;
				CLANG_WARN_DIRECT_OBJC_ISA_USAGE = YES_ERROR;
				CLANG_WARN_EMPTY_BODY = YES;
				CLANG_WARN_ENUM_CONVERSION = YES;
				CLANG_WARN_INT_CONVERSION = YES;
				CLANG_WARN_OBJC_ROOT_CLASS = YES_ERROR;
				CLANG_WARN_UNREACHABLE_CODE = YES;
				CLANG_WARN__DUPLICATE_METHOD_MATCH = YES;
				"CODE_SIGN_IDENTITY[sdk=iphoneos*]" = "iPhone Developer";
				COPY_PHASE_STRIP = NO;
				DEBUG_INFORMATION_FORMAT = "dwarf-with-dsym";
				ENABLE_NS_ASSERTIONS = NO;
				ENABLE_STRICT_OBJC_MSGSEND = YES;
				GCC_C_LANGUAGE_STANDARD = gnu99;
				GCC_NO_COMMON_BLOCKS = YES;
				GCC_WARN_64_TO_32_BIT_CONVERSION = YES;
				GCC_WARN_ABOUT_RETURN_TYPE = YES_ERROR;
				GCC_WARN_UNDECLARED_SELECTOR = YES;
				GCC_WARN_UNINITIALIZED_AUTOS = YES_AGGRESSIVE;
				GCC_WARN_UNUSED_FUNCTION = YES;
				GCC_WARN_UNUSED_VARIABLE = YES;
				IPHONEOS_DEPLOYMENT_TARGET = 9.3;
				MTL_ENABLE_DEBUG_INFO = NO;
				SDKROOT = iphoneos;
				VALIDATE_PRODUCT = YES;
			};
			name = Release;
		};
		5E4BCE9A1D2F183400284934 /* Debug */ = {
			isa = XCBuildConfiguration;
			buildSettings = {
				ASSETCATALOG_COMPILER_APPICON_NAME = AppIcon;
				INFOPLIST_FILE = YourCalc/Info.plist;
				LD_RUNPATH_SEARCH_PATHS = "$(inherited) @executable_path/Frameworks";
				PRODUCT_BUNDLE_IDENTIFIER = com.georgesaieed.YourCalc;
				PRODUCT_NAME = "$(TARGET_NAME)";
			};
			name = Debug;
		};
		5E4BCE9B1D2F183400284934 /* Release */ = {
			isa = XCBuildConfiguration;
			buildSettings = {
				ASSETCATALOG_COMPILER_APPICON_NAME = AppIcon;
				INFOPLIST_FILE = YourCalc/Info.plist;
				LD_RUNPATH_SEARCH_PATHS = "$(inherited) @executable_path/Frameworks";
				PRODUCT_BUNDLE_IDENTIFIER = com.georgesaieed.YourCalc;
				PRODUCT_NAME = "$(TARGET_NAME)";
			};
			name = Release;
		};
/* End XCBuildConfiguration section */

/* Begin XCConfigurationList section */
		5E4BCE7F1D2F183300284934 /* Build configuration list for PBXProject "YourCalc" */ = {
			isa = XCConfigurationList;
			buildConfigurations = (
				5E4BCE971D2F183400284934 /* Debug */,
				5E4BCE981D2F183400284934 /* Release */,
			);
			defaultConfigurationIsVisible = 0;
			defaultConfigurationName = Release;
		};
		5E4BCE991D2F183400284934 /* Build configuration list for PBXNativeTarget "YourCalc" */ = {
			isa = XCConfigurationList;
			buildConfigurations = (
				5E4BCE9A1D2F183400284934 /* Debug */,
				5E4BCE9B1D2F183400284934 /* Release */,
			);
			defaultConfigurationIsVisible = 0;
		};
/* End XCConfigurationList section */

/* Begin XCVersionGroup section */
		5E4BCE8E1D2F183400284934 /* YourCalc.xcdatamodeld */ = {
			isa = XCVersionGroup;
			children = (
				5E4BCE8F1D2F183400284934 /* YourCalc.xcdatamodel */,
			);
			currentVersion = 5E4BCE8F1D2F183400284934 /* YourCalc.xcdatamodel */;
			path = YourCalc.xcdatamodeld;
			sourceTree = "<group>";
			versionGroupType = wrapper.xcdatamodel;
		};
/* End XCVersionGroup section */
	};
	rootObject = 5E4BCE7C1D2F183300284934 /* Project object */;
}
