// !$*UTF8*$!
{
	archiveVersion = 1;
	classes = {
	};
	objectVersion = 46;
	objects = {

/* Begin PBXBuildFile section */
		5E4BCE881D2F183300284934 /* AppDelegate.swift in Sources */ = {isa = PBXBuildFile; fileRef = 5E4BCE871D2F183300284934 /* AppDelegate.swift */; };
		5E4BCE8A1D2F183300284934 /* ViewController.swift in Sources */ = {isa = PBXBuildFile; fileRef = 5E4BCE891D2F183300284934 /* ViewController.swift */; };
		5E4BCE8D1D2F183400284934 /* Main.storyboard in Resources */ = {isa = PBXBuildFile; fileRef = 5E4BCE8B1D2F183400284934 /* Main.storyboard */; };
		5E4BCE901D2F183400284934 /* YourCalc.xcdatamodeld in Sources */ = {isa = PBXBuildFile; fileRef = 5E4BCE8E1D2F183400284934 /* YourCalc.xcdatamodeld */; };
		5E4BCE921D2F183400284934 /* Assets.xcassets in Resources */ = {isa = PBXBuildFile; fileRef = 5E4BCE911D2F183400284934 /* Assets.xcassets */; };
		5E4BCE951D2F183400284934 /* LaunchScreen.storyboard in Resources */ = {isa = PBXBuildFile; fileRef = 5E4BCE931D2F183400284934 /* LaunchScreen.storyboard */; };
		5E4BCF0A1D2F1A8A00284934 /* t1.png in Resources */ = {isa = PBXBuildFile; fileRef = 5E4BCEF61D2F1A8A00284934 /* t1.png */; };
		5E4BCF0B1D2F1A8A00284934 /* t2.png in Resources */ = {isa = PBXBuildFile; fileRef = 5E4BCEF71D2F1A8A00284934 /* t2.png */; };
		5E4BCF0C1D2F1A8A00284934 /* t3.png in Resources */ = {isa = PBXBuildFile; fileRef = 5E4BCEF81D2F1A8A00284934 /* t3.png */; };
		5E4BCF0D1D2F1A8A00284934 /* t4.png in Resources */ = {isa = PBXBuildFile; fileRef = 5E4BCEF91D2F1A8A00284934 /* t4.png */; };
		5E4BCF0E1D2F1A8A00284934 /* t5.png in Resources */ = {isa = PBXBuildFile; fileRef = 5E4BCEFA1D2F1A8A00284934 /* t5.png */; };
		5E4BCF0F1D2F1A8A00284934 /* t6.png in Resources */ = {isa = PBXBuildFile; fileRef = 5E4BCEFB1D2F1A8A00284934 /* t6.png */; };
		5E4BCF101D2F1A8A00284934 /* t7.png in Resources */ = {isa = PBXBuildFile; fileRef = 5E4BCEFC1D2F1A8A00284934 /* t7.png */; };
		5E4BCF111D2F1A8A00284934 /* t8.png in Resources */ = {isa = PBXBuildFile; fileRef = 5E4BCEFD1D2F1A8A00284934 /* t8.png */; };
		5E4BCF121D2F1A8A00284934 /* t9.png in Resources */ = {isa = PBXBuildFile; fileRef = 5E4BCEFE1D2F1A8A00284934 /* t9.png */; };
		5E4BCF131D2F1A8A00284934 /* t10.png in Resources */ = {isa = PBXBuildFile; fileRef = 5E4BCEFF1D2F1A8A00284934 /* t10.png */; };
		5E4BCF141D2F1A8A00284934 /* t11.png in Resources */ = {isa = PBXBuildFile; fileRef = 5E4BCF001D2F1A8A00284934 /* t11.png */; };
		5E4BCF151D2F1A8A00284934 /* t12.png in Resources */ = {isa = PBXBuildFile; fileRef = 5E4BCF011D2F1A8A00284934 /* t12.png */; };
		5E4BCF161D2F1A8A00284934 /* t13.png in Resources */ = {isa = PBXBuildFile; fileRef = 5E4BCF021D2F1A8A00284934 /* t13.png */; };
		5E4BCF171D2F1A8A00284934 /* t14.png in Resources */ = {isa = PBXBuildFile; fileRef = 5E4BCF031D2F1A8A00284934 /* t14.png */; };
		5E4BCF181D2F1A8A00284934 /* t15.png in Resources */ = {isa = PBXBuildFile; fileRef = 5E4BCF041D2F1A8A00284934 /* t15.png */; };
		5E4BCF191D2F1A8A00284934 /* t16.png in Resources */ = {isa = PBXBuildFile; fileRef = 5E4BCF051D2F1A8A00284934 /* t16.png */; };
		5E4BCF1A1D2F1A8A00284934 /* t17.png in Resources */ = {isa = PBXBuildFile; fileRef = 5E4BCF061D2F1A8A00284934 /* t17.png */; };
		5E4BCF1B1D2F1A8A00284934 /* t18.png in Resources */ = {isa = PBXBuildFile; fileRef = 5E4BCF071D2F1A8A00284934 /* t18.png */; };
		5E4BCF1C1D2F1A8A00284934 /* t19.png in Resources */ = {isa = PBXBuildFile; fileRef = 5E4BCF081D2F1A8A00284934 /* t19.png */; };
		5E4BCF1D1D2F1A8A00284934 /* t20.png in Resources */ = {isa = PBXBuildFile; fileRef = 5E4BCF091D2F1A8A00284934 /* t20.png */; };
		5E4BCF321D2F1A9300284934 /* b1.png in Resources */ = {isa = PBXBuildFile; fileRef = 5E4BCF1E1D2F1A9300284934 /* b1.png */; };
		5E4BCF331D2F1A9300284934 /* b2.png in Resources */ = {isa = PBXBuildFile; fileRef = 5E4BCF1F1D2F1A9300284934 /* b2.png */; };
		5E4BCF341D2F1A9300284934 /* b3.png in Resources */ = {isa = PBXBuildFile; fileRef = 5E4BCF201D2F1A9300284934 /* b3.png */; };
		5E4BCF351D2F1A9300284934 /* b4.png in Resources */ = {isa = PBXBuildFile; fileRef = 5E4BCF211D2F1A9300284934 /* b4.png */; };
		5E4BCF361D2F1A9300284934 /* b5.png in Resources */ = {isa = PBXBuildFile; fileRef = 5E4BCF221D2F1A9300284934 /* b5.png */; };
		5E4BCF371D2F1A9300284934 /* b6.png in Resources */ = {isa = PBXBuildFile; fileRef = 5E4BCF231D2F1A9300284934 /* b6.png */; };
		5E4BCF381D2F1A9300284934 /* b7.png in Resources */ = {isa = PBXBuildFile; fileRef = 5E4BCF241D2F1A9300284934 /* b7.png */; };
		5E4BCF391D2F1A9300284934 /* b8.png in Resources */ = {isa = PBXBuildFile; fileRef = 5E4BCF251D2F1A9300284934 /* b8.png */; };
		5E4BCF3A1D2F1A9300284934 /* b9.png in Resources */ = {isa = PBXBuildFile; fileRef = 5E4BCF261D2F1A9300284934 /* b9.png */; };
		5E4BCF3B1D2F1A9300284934 /* b10.png in Resources */ = {isa = PBXBuildFile; fileRef = 5E4BCF271D2F1A9300284934 /* b10.png */; };
		5E4BCF3C1D2F1A9300284934 /* b11.png in Resources */ = {isa = PBXBuildFile; fileRef = 5E4BCF281D2F1A9300284934 /* b11.png */; };
		5E4BCF3D1D2F1A9300284934 /* b12.png in Resources */ = {isa = PBXBuildFile; fileRef = 5E4BCF291D2F1A9300284934 /* b12.png */; };
		5E4BCF3E1D2F1A9300284934 /* b13.png in Resources */ = {isa = PBXBuildFile; fileRef = 5E4BCF2A1D2F1A9300284934 /* b13.png */; };
		5E4BCF3F1D2F1A9300284934 /* b14.png in Resources */ = {isa = PBXBuildFile; fileRef = 5E4BCF2B1D2F1A9300284934 /* b14.png */; };
		5E4BCF401D2F1A9300284934 /* b15.png in Resources */ = {isa = PBXBuildFile; fileRef = 5E4BCF2C1D2F1A9300284934 /* b15.png */; };
		5E4BCF411D2F1A9300284934 /* b16.png in Resources */ = {isa = PBXBuildFile; fileRef = 5E4BCF2D1D2F1A9300284934 /* b16.png */; };
		5E4BCF421D2F1A9300284934 /* b17.png in Resources */ = {isa = PBXBuildFile; fileRef = 5E4BCF2E1D2F1A9300284934 /* b17.png */; };
		5E4BCF431D2F1A9300284934 /* b18.png in Resources */ = {isa = PBXBuildFile; fileRef = 5E4BCF2F1D2F1A9300284934 /* b18.png */; };
		5E4BCF441D2F1A9300284934 /* b19.png in Resources */ = {isa = PBXBuildFile; fileRef = 5E4BCF301D2F1A9300284934 /* b19.png */; };
		5E4BCF451D2F1A9300284934 /* b20.png in Resources */ = {isa = PBXBuildFile; fileRef = 5E4BCF311D2F1A9300284934 /* b20.png */; };
		5E4BCF4A1D2F221700284934 /* back button.png in Resources */ = {isa = PBXBuildFile; fileRef = 5E4BCF481D2F221700284934 /* back button.png */; };
		5E4BCF4B1D2F221700284934 /* info button.png in Resources */ = {isa = PBXBuildFile; fileRef = 5E4BCF491D2F221700284934 /* info button.png */; };
		5E4BCF4D1D2F269700284934 /* SettingsViewController.swift in Sources */ = {isa = PBXBuildFile; fileRef = 5E4BCF4C1D2F269700284934 /* SettingsViewController.swift */; };
/* End PBXBuildFile section */

/* Begin PBXFileReference section */
		5E4BCE841D2F183300284934 /* YourCalc.app */ = {isa = PBXFileReference; explicitFileType = wrapper.application; includeInIndex = 0; path = YourCalc.app; sourceTree = BUILT_PRODUCTS_DIR; };
		5E4BCE871D2F183300284934 /* AppDelegate.swift */ = {isa = PBXFileReference; lastKnownFileType = sourcecode.swift; path = AppDelegate.swift; sourceTree = "<group>"; };
		5E4BCE891D2F183300284934 /* ViewController.swift */ = {isa = PBXFileReference; lastKnownFileType = sourcecode.swift; path = ViewController.swift; sourceTree = "<group>"; };
		5E4BCE8C1D2F183400284934 /* Base */ = {isa = PBXFileReference; lastKnownFileType = file.storyboard; name = Base; path = Base.lproj/Main.storyboard; sourceTree = "<group>"; };
		5E4BCE8F1D2F183400284934 /* YourCalc.xcdatamodel */ = {isa = PBXFileReference; lastKnownFileType = wrapper.xcdatamodel; path = YourCalc.xcdatamodel; sourceTree = "<group>"; };
		5E4BCE911D2F183400284934 /* Assets.xcassets */ = {isa = PBXFileReference; lastKnownFileType = folder.assetcatalog; path = Assets.xcassets; sourceTree = "<group>"; };
		5E4BCE941D2F183400284934 /* Base */ = {isa = PBXFileReference; lastKnownFileType = file.storyboard; name = Base; path = Base.lproj/LaunchScreen.storyboard; sourceTree = "<group>"; };
		5E4BCE961D2F183400284934 /* Info.plist */ = {isa = PBXFileReference; lastKnownFileType = text.plist.xml; path = Info.plist; sourceTree = "<group>"; };
		5E4BCEF61D2F1A8A00284934 /* t1.png */ = {isa = PBXFileReference; lastKnownFileType = image.png; path = t1.png; sourceTree = "<group>"; };
		5E4BCEF71D2F1A8A00284934 /* t2.png */ = {isa = PBXFileReference; lastKnownFileType = image.png; path = t2.png; sourceTree = "<group>"; };
		5E4BCEF81D2F1A8A00284934 /* t3.png */ = {isa = PBXFileReference; lastKnownFileType = image.png; path = t3.png; sourceTree = "<group>"; };
		5E4BCEF91D2F1A8A00284934 /* t4.png */ = {isa = PBXFileReference; lastKnownFileType = image.png; path = t4.png; sourceTree = "<group>"; };
		5E4BCEFA1D2F1A8A00284934 /* t5.png */ = {isa = PBXFileReference; lastKnownFileType = image.png; path = t5.png; sourceTree = "<group>"; };
		5E4BCEFB1D2F1A8A00284934 /* t6.png */ = {isa = PBXFileReference; lastKnownFileType = image.png; path = t6.png; sourceTree = "<group>"; };
		5E4BCEFC1D2F1A8A00284934 /* t7.png */ = {isa = PBXFileReference; lastKnownFileType = image.png; path = t7.png; sourceTree = "<group>"; };
		5E4BCEFD1D2F1A8A00284934 /* t8.png */ = {isa = PBXFileReference; lastKnownFileType = image.png; path = t8.png; sourceTree = "<group>"; };
		5E4BCEFE1D2F1A8A00284934 /* t9.png */ = {isa = PBXFileReference; lastKnownFileType = image.png; path = t9.png; sourceTree = "<group>"; };
		5E4BCEFF1D2F1A8A00284934 /* t10.png */ = {isa = PBXFileReference; lastKnownFileType = image.png; path = t10.png; sourceTree = "<group>"; };
		5E4BCF001D2F1A8A00284934 /* t11.png */ = {isa = PBXFileReference; lastKnownFileType = image.png; path = t11.png; sourceTree = "<group>"; };
		5E4BCF011D2F1A8A00284934 /* t12.png */ = {isa = PBXFileReference; lastKnownFileType = image.png; path = t12.png; sourceTree = "<group>"; };
		5E4BCF021D2F1A8A00284934 /* t13.png */ = {isa = PBXFileReference; lastKnownFileType = image.png; path = t13.png; sourceTree = "<group>"; };
		5E4BCF031D2F1A8A00284934 /* t14.png */ = {isa = PBXFileReference; lastKnownFileType = image.png; path = t14.png; sourceTree = "<group>"; };
		5E4BCF041D2F1A8A00284934 /* t15.png */ = {isa = PBXFileReference; lastKnownFileType = image.png; path = t15.png; sourceTree = "<group>"; };
		5E4BCF051D2F1A8A00284934 /* t16.png */ = {isa = PBXFileReference; lastKnownFileType = image.png; path = t16.png; sourceTree = "<group>"; };
		5E4BCF061D2F1A8A00284934 /* t17.png */ = {isa = PBXFileReference; lastKnownFileType = image.png; path = t17.png; sourceTree = "<group>"; };
		5E4BCF071D2F1A8A00284934 /* t18.png */ = {isa = PBXFileReference; lastKnownFileType = image.png; path = t18.png; sourceTree = "<group>"; };
		5E4BCF081D2F1A8A00284934 /* t19.png */ = {isa = PBXFileReference; lastKnownFileType = image.png; path = t19.png; sourceTree = "<group>"; };
		5E4BCF091D2F1A8A00284934 /* t20.png */ = {isa = PBXFileReference; lastKnownFileType = image.png; path = t20.png; sourceTree = "<group>"; };
		5E4BCF1E1D2F1A9300284934 /* b1.png */ = {isa = PBXFileReference; lastKnownFileType = image.png; path = b1.png; sourceTree = "<group>"; };
		5E4BCF1F1D2F1A9300284934 /* b2.png */ = {isa = PBXFileReference; lastKnownFileType = image.png; path = b2.png; sourceTree = "<group>"; };
		5E4BCF201D2F1A9300284934 /* b3.png */ = {isa = PBXFileReference; lastKnownFileType = image.png; path = b3.png; sourceTree = "<group>"; };
		5E4BCF211D2F1A9300284934 /* b4.png */ = {isa = PBXFileReference; lastKnownFileType = image.png; path = b4.png; sourceTree = "<group>"; };
		5E4BCF221D2F1A9300284934 /* b5.png */ = {isa = PBXFileReference; lastKnownFileType = image.png; path = b5.png; sourceTree = "<group>"; };
		5E4BCF231D2F1A9300284934 /* b6.png */ = {isa = PBXFileReference; lastKnownFileType = image.png; path = b6.png; sourceTree = "<group>"; };
		5E4BCF241D2F1A9300284934 /* b7.png */ = {isa = PBXFileReference; lastKnownFileType = image.png; path = b7.png; sourceTree = "<group>"; };
		5E4BCF251D2F1A9300284934 /* b8.png */ = {isa = PBXFileReference; lastKnownFileType = image.png; path = b8.png; sourceTree = "<group>"; };
		5E4BCF261D2F1A9300284934 /* b9.png */ = {isa = PBXFileReference; lastKnownFileType = image.png; path = b9.png; sourceTree = "<group>"; };
		5E4BCF271D2F1A9300284934 /* b10.png */ = {isa = PBXFileReference; lastKnownFileType = image.png; path = b10.png; sourceTree = "<group>"; };
		5E4BCF281D2F1A9300284934 /* b11.png */ = {isa = PBXFileReference; lastKnownFileType = image.png; path = b11.png; sourceTree = "<group>"; };
		5E4BCF291D2F1A9300284934 /* b12.png */ = {isa = PBXFileReference; lastKnownFileType = image.png; path = b12.png; sourceTree = "<group>"; };
		5E4BCF2A1D2F1A9300284934 /* b13.png */ = {isa = PBXFileReference; lastKnownFileType = image.png; path = b13.png; sourceTree = "<group>"; };
		5E4BCF2B1D2F1A9300284934 /* b14.png */ = {isa = PBXFileReference; lastKnownFileType = image.png; path = b14.png; sourceTree = "<group>"; };
		5E4BCF2C1D2F1A9300284934 /* b15.png */ = {isa = PBXFileReference; lastKnownFileType = image.png; path = b15.png; sourceTree = "<group>"; };
		5E4BCF2D1D2F1A9300284934 /* b16.png */ = {isa = PBXFileReference; lastKnownFileType = image.png; path = b16.png; sourceTree = "<group>"; };
		5E4BCF2E1D2F1A9300284934 /* b17.png */ = {isa = PBXFileReference; lastKnownFileType = image.png; path = b17.png; sourceTree = "<group>"; };
		5E4BCF2F1D2F1A9300284934 /* b18.png */ = {isa = PBXFileReference; lastKnownFileType = image.png; path = b18.png; sourceTree = "<group>"; };
		5E4BCF301D2F1A9300284934 /* b19.png */ = {isa = PBXFileReference; lastKnownFileType = image.png; path = b19.png; sourceTree = "<group>"; };
		5E4BCF311D2F1A9300284934 /* b20.png */ = {isa = PBXFileReference; lastKnownFileType = image.png; path = b20.png; sourceTree = "<group>"; };
		5E4BCF481D2F221700284934 /* back button.png */ = {isa = PBXFileReference; lastKnownFileType = image.png; path = "back button.png"; sourceTree = "<group>"; };
		5E4BCF491D2F221700284934 /* info button.png */ = {isa = PBXFileReference; lastKnownFileType = image.png; path = "info button.png"; sourceTree = "<group>"; };
		5E4BCF4C1D2F269700284934 /* SettingsViewController.swift */ = {isa = PBXFileReference; fileEncoding = 4; lastKnownFileType = sourcecode.swift; path = SettingsViewController.swift; sourceTree = "<group>"; };
/* End PBXFileReference section */

/* Begin PBXFrameworksBuildPhase section */
		5E4BCE811D2F183300284934 /* Frameworks */ = {
			isa = PBXFrameworksBuildPhase;
			buildActionMask = 2147483647;
			files = (
			);
			runOnlyForDeploymentPostprocessing = 0;
		};
/* End PBXFrameworksBuildPhase section */

/* Begin PBXGroup section */
		5E4BCE7B1D2F183300284934 = {
			isa = PBXGroup;
			children = (
				5E4BCE861D2F183300284934 /* YourCalc */,
				5E4BCE851D2F183300284934 /* Products */,
			);
			sourceTree = "<group>";
		};
		5E4BCE851D2F183300284934 /* Products */ = {
			isa = PBXGroup;
			children = (
				5E4BCE841D2F183300284934 /* YourCalc.app */,
			);
			name = Products;
			sourceTree = "<group>";
		};
		5E4BCE861D2F183300284934 /* YourCalc */ = {
			isa = PBXGroup;
			children = (
				5E4BCF4C1D2F269700284934 /* SettingsViewController.swift */,
				5E4BCE871D2F183300284934 /* AppDelegate.swift */,
				5E4BCE891D2F183300284934 /* ViewController.swift */,
				5E4BCE8B1D2F183400284934 /* Main.storyboard */,
				5E4BCF481D2F221700284934 /* back button.png */,
				5E4BCF491D2F221700284934 /* info button.png */,
				5E4BCF1E1D2F1A9300284934 /* b1.png */,
				5E4BCF1F1D2F1A9300284934 /* b2.png */,
				5E4BCF201D2F1A9300284934 /* b3.png */,
				5E4BCF211D2F1A9300284934 /* b4.png */,
				5E4BCF221D2F1A9300284934 /* b5.png */,
				5E4BCF231D2F1A9300284934 /* b6.png */,
				5E4BCF241D2F1A9300284934 /* b7.png */,
				5E4BCF251D2F1A9300284934 /* b8.png */,
				5E4BCF261D2F1A9300284934 /* b9.png */,
				5E4BCF271D2F1A9300284934 /* b10.png */,
				5E4BCF281D2F1A9300284934 /* b11.png */,
				5E4BCF291D2F1A9300284934 /* b12.png */,
				5E4BCF2A1D2F1A9300284934 /* b13.png */,
				5E4BCF2B1D2F1A9300284934 /* b14.png */,
				5E4BCF2C1D2F1A9300284934 /* b15.png */,
				5E4BCF2D1D2F1A9300284934 /* b16.png */,
				5E4BCF2E1D2F1A9300284934 /* b17.png */,
				5E4BCF2F1D2F1A9300284934 /* b18.png */,
				5E4BCF301D2F1A9300284934 /* b19.png */,
				5E4BCF311D2F1A9300284934 /* b20.png */,
				5E4BCEF61D2F1A8A00284934 /* t1.png */,
				5E4BCEF71D2F1A8A00284934 /* t2.png */,
				5E4BCEF81D2F1A8A00284934 /* t3.png */,
				5E4BCEF91D2F1A8A00284934 /* t4.png */,
				5E4BCEFA1D2F1A8A00284934 /* t5.png */,
				5E4BCEFB1D2F1A8A00284934 /* t6.png */,
				5E4BCEFC1D2F1A8A00284934 /* t7.png */,
				5E4BCEFD1D2F1A8A00284934 /* t8.png */,
				5E4BCEFE1D2F1A8A00284934 /* t9.png */,
				5E4BCEFF1D2F1A8A00284934 /* t10.png */,
				5E4BCF001D2F1A8A00284934 /* t11.png */,
				5E4BCF011D2F1A8A00284934 /* t12.png */,
				5E4BCF021D2F1A8A00284934 /* t13.png */,
				5E4BCF031D2F1A8A00284934 /* t14.png */,
				5E4BCF041D2F1A8A00284934 /* t15.png */,
				5E4BCF051D2F1A8A00284934 /* t16.png */,
				5E4BCF061D2F1A8A00284934 /* t17.png */,
				5E4BCF071D2F1A8A00284934 /* t18.png */,
				5E4BCF081D2F1A8A00284934 /* t19.png */,
				5E4BCF091D2F1A8A00284934 /* t20.png */,
				5E4BCE911D2F183400284934 /* Assets.xcassets */,
				5E4BCE931D2F183400284934 /* LaunchScreen.storyboard */,
				5E4BCE961D2F183400284934 /* Info.plist */,
				5E4BCE8E1D2F183400284934 /* YourCalc.xcdatamodeld */,
			);
			path = YourCalc;
			sourceTree = "<group>";
		};
/* End PBXGroup section */

/* Begin PBXNativeTarget section */
		5E4BCE831D2F183300284934 /* YourCalc */ = {
			isa = PBXNativeTarget;
			buildConfigurationList = 5E4BCE991D2F183400284934 /* Build configuration list for PBXNativeTarget "YourCalc" */;
			buildPhases = (
				5E4BCE801D2F183300284934 /* Sources */,
				5E4BCE811D2F183300284934 /* Frameworks */,
				5E4BCE821D2F183300284934 /* Resources */,
			);
			buildRules = (
			);
			dependencies = (
			);
			name = YourCalc;
			productName = YourCalc;
			productReference = 5E4BCE841D2F183300284934 /* YourCalc.app */;
			productType = "com.apple.product-type.application";
		};
/* End PBXNativeTarget section */

/* Begin PBXProject section */
		5E4BCE7C1D2F183300284934 /* Project object */ = {
			isa = PBXProject;
			attributes = {
				LastSwiftMigration = 0730;
				LastSwiftUpdateCheck = 0730;
				LastUpgradeCheck = 0730;
				ORGANIZATIONNAME = "George Saieed";
				TargetAttributes = {
					5E4BCE831D2F183300284934 = {
						CreatedOnToolsVersion = 7.3.1;
						DevelopmentTeam = 6HAPHNN2W5;
					};
				};
			};
			buildConfigurationList = 5E4BCE7F1D2F183300284934 /* Build configuration list for PBXProject "YourCalc" */;
			compatibilityVersion = "Xcode 3.2";
			developmentRegion = English;
			hasScannedForEncodings = 0;
			knownRegions = (
				en,
				Base,
			);
			mainGroup = 5E4BCE7B1D2F183300284934;
			productRefGroup = 5E4BCE851D2F183300284934 /* Products */;
			projectDirPath = "";
			projectRoot = "";
			targets = (
				5E4BCE831D2F183300284934 /* YourCalc */,
			);
		};
/* End PBXProject section */

/* Begin PBXResourcesBuildPhase section */
		5E4BCE821D2F183300284934 /* Resources */ = {
			isa = PBXResourcesBuildPhase;
			buildActionMask = 2147483647;
			files = (
				5E4BCF431D2F1A9300284934 /* b18.png in Resources */,
				5E4BCF321D2F1A9300284934 /* b1.png in Resources */,
				5E4BCF1C1D2F1A8A00284934 /* t19.png in Resources */,
				5E4BCF3A1D2F1A9300284934 /* b9.png in Resources */,
				5E4BCF371D2F1A9300284934 /* b6.png in Resources */,
				5E4BCF161D2F1A8A00284934 /* t13.png in Resources */,
				5E4BCF451D2F1A9300284934 /* b20.png in Resources */,
				5E4BCF441D2F1A9300284934 /* b19.png in Resources */,
				5E4BCF141D2F1A8A00284934 /* t11.png in Resources */,
				5E4BCF3E1D2F1A9300284934 /* b13.png in Resources */,
				5E4BCF111D2F1A8A00284934 /* t8.png in Resources */,
				5E4BCF4B1D2F221700284934 /* info button.png in Resources */,
				5E4BCF1D1D2F1A8A00284934 /* t20.png in Resources */,
				5E4BCF391D2F1A9300284934 /* b8.png in Resources */,
				5E4BCF341D2F1A9300284934 /* b3.png in Resources */,
				5E4BCF151D2F1A8A00284934 /* t12.png in Resources */,
				5E4BCF0E1D2F1A8A00284934 /* t5.png in Resources */,
				5E4BCF351D2F1A9300284934 /* b4.png in Resources */,
				5E4BCF361D2F1A9300284934 /* b5.png in Resources */,
				5E4BCF411D2F1A9300284934 /* b16.png in Resources */,
				5E4BCF4A1D2F221700284934 /* back button.png in Resources */,
				5E4BCF0C1D2F1A8A00284934 /* t3.png in Resources */,
				5E4BCF1A1D2F1A8A00284934 /* t17.png in Resources */,
				5E4BCF3D1D2F1A9300284934 /* b12.png in Resources */,
				5E4BCF401D2F1A9300284934 /* b15.png in Resources */,
				5E4BCE951D2F183400284934 /* LaunchScreen.storyboard in Resources */,
				5E4BCF171D2F1A8A00284934 /* t14.png in Resources */,
				5E4BCF3F1D2F1A9300284934 /* b14.png in Resources */,
				5E4BCF1B1D2F1A8A00284934 /* t18.png in Resources */,
				5E4BCF381D2F1A9300284934 /* b7.png in Resources */,
				5E4BCF0A1D2F1A8A00284934 /* t1.png in Resources */,
				5E4BCF131D2F1A8A00284934 /* t10.png in Resources */,
				5E4BCF3B1D2F1A9300284934 /* b10.png in Resources */,
				5E4BCE921D2F183400284934 /* Assets.xcassets in Resources */,
				5E4BCF421D2F1A9300284934 /* b17.png in Resources */,
				5E4BCF0F1D2F1A8A00284934 /* t6.png in Resources */,
				5E4BCE8D1D2F183400284934 /* Main.storyboard in Resources */,
				5E4BCF331D2F1A9300284934 /* b2.png in Resources */,
				5E4BCF101D2F1A8A00284934 /* t7.png in Resources */,
				5E4BCF191D2F1A8A00284934 /* t16.png in Resources */,
				5E4BCF3C1D2F1A9300284934 /* b11.png in Resources */,
				5E4BCF0B1D2F1A8A00284934 /* t2.png in Resources */,
				5E4BCF181D2F1A8A00284934 /* t15.png in Resources */,
				5E4BCF121D2F1A8A00284934 /* t9.png in Resources */,
				5E4BCF0D1D2F1A8A00284934 /* t4.png in Resources */,
			);
			runOnlyForDeploymentPostprocessing = 0;
		};
/* End PBXResourcesBuildPhase section */

/* Begin PBXSourcesBuildPhase section */
		5E4BCE801D2F183300284934 /* Sources */ = {
			isa = PBXSourcesBuildPhase;
			buildActionMask = 2147483647;
			files = (
				5E4BCE8A1D2F183300284934 /* ViewController.swift in Sources */,
				5E4BCE901D2F183400284934 /* YourCalc.xcdatamodeld in Sources */,
				5E4BCE881D2F183300284934 /* AppDelegate.swift in Sources */,
				5E4BCF4D1D2F269700284934 /* SettingsViewController.swift in Sources */,
			);
			runOnlyForDeploymentPostprocessing = 0;
		};
/* End PBXSourcesBuildPhase section */

/* Begin PBXVariantGroup section */
		5E4BCE8B1D2F183400284934 /* Main.storyboard */ = {
			isa = PBXVariantGroup;
			children = (
				5E4BCE8C1D2F183400284934 /* Base */,
			);
			name = Main.storyboard;
			sourceTree = "<group>";
		};
		5E4BCE931D2F183400284934 /* LaunchScreen.storyboard */ = {
			isa = PBXVariantGroup;
			children = (
				5E4BCE941D2F183400284934 /* Base */,
			);
			name = LaunchScreen.storyboard;
			sourceTree = "<group>";
		};
/* End PBXVariantGroup section */

/* Begin XCBuildConfiguration section */
		5E4BCE971D2F183400284934 /* Debug */ = {
			isa = XCBuildConfiguration;
			buildSettings = {
				ALWAYS_SEARCH_USER_PATHS = NO;
				CLANG_ANALYZER_NONNULL = YES;
				CLANG_CXX_LANGUAGE_STANDARD = "gnu++0x";
				CLANG_CXX_LIBRARY = "libc++";
				CLANG_ENABLE_MODULES = YES;
				CLANG_ENABLE_OBJC_ARC = YES;
				CLANG_WARN_BOOL_CONVERSION = YES;
				CLANG_WARN_CONSTANT_CONVERSION = YES;
				CLANG_WARN_DIRECT_OBJC_ISA_USAGE = YES_ERROR;
				CLANG_WARN_EMPTY_BODY = YES;
				CLANG_WARN_ENUM_CONVERSION = YES;
				CLANG_WARN_INT_CONVERSION = YES;
				CLANG_WARN_OBJC_ROOT_CLASS = YES_ERROR;
				CLANG_WARN_UNREACHABLE_CODE = YES;
				CLANG_WARN__DUPLICATE_METHOD_MATCH = YES;
				"CODE_SIGN_IDENTITY[sdk=iphoneos*]" = "iPhone Developer";
				COPY_PHASE_STRIP = NO;
				DEBUG_INFORMATION_FORMAT = dwarf;
				ENABLE_STRICT_OBJC_MSGSEND = YES;
				ENABLE_TESTABILITY = YES;
				GCC_C_LANGUAGE_STANDARD = gnu99;
				GCC_DYNAMIC_NO_PIC = NO;
				GCC_NO_COMMON_BLOCKS = YES;
				GCC_OPTIMIZATION_LEVEL = 0;
				GCC_PREPROCESSOR_DEFINITIONS = (
					"DEBUG=1",
					"$(inherited)",
				);
				GCC_WARN_64_TO_32_BIT_CONVERSION = YES;
				GCC_WARN_ABOUT_RETURN_TYPE = YES_ERROR;
				GCC_WARN_UNDECLARED_SELECTOR = YES;
				GCC_WARN_UNINITIALIZED_AUTOS = YES_AGGRESSIVE;
				GCC_WARN_UNUSED_FUNCTION = YES;
				GCC_WARN_UNUSED_VARIABLE = YES;
				IPHONEOS_DEPLOYMENT_TARGET = 9.3;
				MTL_ENABLE_DEBUG_INFO = YES;
				ONLY_ACTIVE_ARCH = YES;
				SDKROOT = iphoneos;
				SWIFT_OPTIMIZATION_LEVEL = "-Onone";
			};
			name = Debug;
		};
		5E4BCE981D2F183400284934 /* Release */ = {
			isa = XCBuildConfiguration;
			buildSettings = {
				ALWAYS_SEARCH_USER_PATHS = NO;
				CLANG_ANALYZER_NONNULL = YES;
				CLANG_CXX_LANGUAGE_STANDARD = "gnu++0x";
				CLANG_CXX_LIBRARY = "libc++";
				CLANG_ENABLE_MODULES = YES;
				CLANG_ENABLE_OBJC_ARC = YES;
				CLANG_WARN_BOOL_CONVERSION = YES;
				CLANG_WARN_CONSTANT_CONVERSION = YES;
				CLANG_WARN_DIRECT_OBJC_ISA_USAGE = YES_ERROR;
				CLANG_WARN_EMPTY_BODY = YES;
				CLANG_WARN_ENUM_CONVERSION = YES;
				CLANG_WARN_INT_CONVERSION = YES;
				CLANG_WARN_OBJC_ROOT_CLASS = YES_ERROR;
				CLANG_WARN_UNREACHABLE_CODE = YES;
				CLANG_WARN__DUPLICATE_METHOD_MATCH = YES;
				"CODE_SIGN_IDENTITY[sdk=iphoneos*]" = "iPhone Developer";
				COPY_PHASE_STRIP = NO;
				DEBUG_INFORMATION_FORMAT = "dwarf-with-dsym";
				ENABLE_NS_ASSERTIONS = NO;
				ENABLE_STRICT_OBJC_MSGSEND = YES;
				GCC_C_LANGUAGE_STANDARD = gnu99;
				GCC_NO_COMMON_BLOCKS = YES;
				GCC_WARN_64_TO_32_BIT_CONVERSION = YES;
				GCC_WARN_ABOUT_RETURN_TYPE = YES_ERROR;
				GCC_WARN_UNDECLARED_SELECTOR = YES;
				GCC_WARN_UNINITIALIZED_AUTOS = YES_AGGRESSIVE;
				GCC_WARN_UNUSED_FUNCTION = YES;
				GCC_WARN_UNUSED_VARIABLE = YES;
				IPHONEOS_DEPLOYMENT_TARGET = 9.3;
				MTL_ENABLE_DEBUG_INFO = NO;
				SDKROOT = iphoneos;
				VALIDATE_PRODUCT = YES;
			};
			name = Release;
		};
		5E4BCE9A1D2F183400284934 /* Debug */ = {
			isa = XCBuildConfiguration;
			buildSettings = {
				ASSETCATALOG_COMPILER_APPICON_NAME = AppIcon;
				INFOPLIST_FILE = YourCalc/Info.plist;
				LD_RUNPATH_SEARCH_PATHS = "$(inherited) @executable_path/Frameworks";
				PRODUCT_BUNDLE_IDENTIFIER = com.georgesaieed.YourCalc;
				PRODUCT_NAME = "$(TARGET_NAME)";
			};
			name = Debug;
		};
		5E4BCE9B1D2F183400284934 /* Release */ = {
			isa = XCBuildConfiguration;
			buildSettings = {
				ASSETCATALOG_COMPILER_APPICON_NAME = AppIcon;
				INFOPLIST_FILE = YourCalc/Info.plist;
				LD_RUNPATH_SEARCH_PATHS = "$(inherited) @executable_path/Frameworks";
				PRODUCT_BUNDLE_IDENTIFIER = com.georgesaieed.YourCalc;
				PRODUCT_NAME = "$(TARGET_NAME)";
			};
			name = Release;
		};
/* End XCBuildConfiguration section */

/* Begin XCConfigurationList section */
		5E4BCE7F1D2F183300284934 /* Build configuration list for PBXProject "YourCalc" */ = {
			isa = XCConfigurationList;
			buildConfigurations = (
				5E4BCE971D2F183400284934 /* Debug */,
				5E4BCE981D2F183400284934 /* Release */,
			);
			defaultConfigurationIsVisible = 0;
			defaultConfigurationName = Release;
		};
		5E4BCE991D2F183400284934 /* Build configuration list for PBXNativeTarget "YourCalc" */ = {
			isa = XCConfigurationList;
			buildConfigurations = (
				5E4BCE9A1D2F183400284934 /* Debug */,
				5E4BCE9B1D2F183400284934 /* Release */,
			);
			defaultConfigurationIsVisible = 0;
			defaultConfigurationName = Release;
		};
/* End XCConfigurationList section */

/* Begin XCVersionGroup section */
		5E4BCE8E1D2F183400284934 /* YourCalc.xcdatamodeld */ = {
			isa = XCVersionGroup;
			children = (
				5E4BCE8F1D2F183400284934 /* YourCalc.xcdatamodel */,
			);
			currentVersion = 5E4BCE8F1D2F183400284934 /* YourCalc.xcdatamodel */;
			path = YourCalc.xcdatamodeld;
			sourceTree = "<group>";
			versionGroupType = wrapper.xcdatamodel;
		};
/* End XCVersionGroup section */
	};
	rootObject = 5E4BCE7C1D2F183300284934 /* Project object */;
}
